// !$*UTF8*$!
{
	archiveVersion = 1;
	classes = {
	};
	objectVersion = 46;
	objects = {

/* Begin PBXBuildFile section */
		7B00BAEA192A24BD003FFC74 /* HUDHelper.m in Sources */ = {isa = PBXBuildFile; fileRef = 7B00BAE7192A24BD003FFC74 /* HUDHelper.m */; };
		7B00BAEB192A24BD003FFC74 /* MBProgressHUD.m in Sources */ = {isa = PBXBuildFile; fileRef = 7B00BAE9192A24BD003FFC74 /* MBProgressHUD.m */; };
		7B29F2CE191FF0BB0039B2D9 /* rightArrow.jpeg in Resources */ = {isa = PBXBuildFile; fileRef = 7B29F2CD191FF0BB0039B2D9 /* rightArrow.jpeg */; };
		7B29F2D0191FF1390039B2D9 /* rightarrow2.png in Resources */ = {isa = PBXBuildFile; fileRef = 7B29F2CF191FF1390039B2D9 /* rightarrow2.png */; };
		7B29F2D2191FF1E50039B2D9 /* leftArrow.png in Resources */ = {isa = PBXBuildFile; fileRef = 7B29F2D1191FF1E50039B2D9 /* leftArrow.png */; };
		7BC8791A190EC869002C9779 /* UIKit.framework in Frameworks */ = {isa = PBXBuildFile; fileRef = 7BC87919190EC869002C9779 /* UIKit.framework */; };
		7BC8791C190EC869002C9779 /* Foundation.framework in Frameworks */ = {isa = PBXBuildFile; fileRef = 7BC8791B190EC869002C9779 /* Foundation.framework */; };
		7BC8791E190EC869002C9779 /* CoreGraphics.framework in Frameworks */ = {isa = PBXBuildFile; fileRef = 7BC8791D190EC869002C9779 /* CoreGraphics.framework */; };
		7BC87924190EC869002C9779 /* InfoPlist.strings in Resources */ = {isa = PBXBuildFile; fileRef = 7BC87922190EC869002C9779 /* InfoPlist.strings */; };
		7BC87926190EC869002C9779 /* main.m in Sources */ = {isa = PBXBuildFile; fileRef = 7BC87925190EC869002C9779 /* main.m */; };
		7BC8792A190EC869002C9779 /* OzuShuttleV2AppDelegate.m in Sources */ = {isa = PBXBuildFile; fileRef = 7BC87929190EC869002C9779 /* OzuShuttleV2AppDelegate.m */; };
		7BC8792C190EC869002C9779 /* Default.png in Resources */ = {isa = PBXBuildFile; fileRef = 7BC8792B190EC869002C9779 /* Default.png */; };
		7BC8792E190EC869002C9779 /* Default@2x.png in Resources */ = {isa = PBXBuildFile; fileRef = 7BC8792D190EC869002C9779 /* Default@2x.png */; };
		7BC87930190EC869002C9779 /* Default-568h@2x.png in Resources */ = {isa = PBXBuildFile; fileRef = 7BC8792F190EC869002C9779 /* Default-568h@2x.png */; };
		7BC87933190EC869002C9779 /* MainStoryboard.storyboard in Resources */ = {isa = PBXBuildFile; fileRef = 7BC87931190EC869002C9779 /* MainStoryboard.storyboard */; };
		7BC87936190EC86A002C9779 /* OzuShuttleV2ViewController.m in Sources */ = {isa = PBXBuildFile; fileRef = 7BC87935190EC86A002C9779 /* OzuShuttleV2ViewController.m */; };
		7BC8793E190EC86A002C9779 /* SenTestingKit.framework in Frameworks */ = {isa = PBXBuildFile; fileRef = 7BC8793D190EC86A002C9779 /* SenTestingKit.framework */; };
		7BC8793F190EC86A002C9779 /* UIKit.framework in Frameworks */ = {isa = PBXBuildFile; fileRef = 7BC87919190EC869002C9779 /* UIKit.framework */; };
		7BC87940190EC86A002C9779 /* Foundation.framework in Frameworks */ = {isa = PBXBuildFile; fileRef = 7BC8791B190EC869002C9779 /* Foundation.framework */; };
		7BC87948190EC86A002C9779 /* InfoPlist.strings in Resources */ = {isa = PBXBuildFile; fileRef = 7BC87946190EC86A002C9779 /* InfoPlist.strings */; };
		7BC8794B190EC86A002C9779 /* OzuShuttleV2Tests.m in Sources */ = {isa = PBXBuildFile; fileRef = 7BC8794A190EC86A002C9779 /* OzuShuttleV2Tests.m */; };
		7BC87956190ED342002C9779 /* ShuttleHoursViewController.m in Sources */ = {isa = PBXBuildFile; fileRef = 7BC87955190ED342002C9779 /* ShuttleHoursViewController.m */; };
		7BC8795919180431002C9779 /* DummyInfo.m in Sources */ = {isa = PBXBuildFile; fileRef = 7BC8795819180431002C9779 /* DummyInfo.m */; };
		7BC8795C19180969002C9779 /* photo_edit_background.png in Resources */ = {isa = PBXBuildFile; fileRef = 7BC8795B19180969002C9779 /* photo_edit_background.png */; };
		7BC8795E19180980002C9779 /* photo_edit_background@2x.png in Resources */ = {isa = PBXBuildFile; fileRef = 7BC8795D19180980002C9779 /* photo_edit_background@2x.png */; };
		7BC8796719180BE8002C9779 /* addDescriptionBackGround.png in Resources */ = {isa = PBXBuildFile; fileRef = 7BC8795F19180BE7002C9779 /* addDescriptionBackGround.png */; };
		7BC8796819180BE8002C9779 /* addDescriptionBackGround@2x.png in Resources */ = {isa = PBXBuildFile; fileRef = 7BC8796019180BE7002C9779 /* addDescriptionBackGround@2x.png */; };
		7BC8796919180BE8002C9779 /* addDescriptionTextView.png in Resources */ = {isa = PBXBuildFile; fileRef = 7BC8796119180BE8002C9779 /* addDescriptionTextView.png */; };
		7BC8796A19180BE8002C9779 /* addDescriptionTextView@2x.png in Resources */ = {isa = PBXBuildFile; fileRef = 7BC8796219180BE8002C9779 /* addDescriptionTextView@2x.png */; };
		7BC8796B19180BE8002C9779 /* row_background.png in Resources */ = {isa = PBXBuildFile; fileRef = 7BC8796319180BE8002C9779 /* row_background.png */; };
		7BC8796C19180BE8002C9779 /* row_background@2x.png in Resources */ = {isa = PBXBuildFile; fileRef = 7BC8796419180BE8002C9779 /* row_background@2x.png */; };
		7BC8796D19180BE8002C9779 /* selectorSquare.png in Resources */ = {isa = PBXBuildFile; fileRef = 7BC8796519180BE8002C9779 /* selectorSquare.png */; };
		7BC8796E19180BE8002C9779 /* selectorSquare@2x.png in Resources */ = {isa = PBXBuildFile; fileRef = 7BC8796619180BE8002C9779 /* selectorSquare@2x.png */; };
		7BC8797B191817DF002C9779 /* DialController.m in Sources */ = {isa = PBXBuildFile; fileRef = 7BC87976191817DF002C9779 /* DialController.m */; settings = {COMPILER_FLAGS = "-fno-objc-arc"; }; };
		7BC8797C191817DF002C9779 /* GlowLabel.m in Sources */ = {isa = PBXBuildFile; fileRef = 7BC87978191817DF002C9779 /* GlowLabel.m */; settings = {COMPILER_FLAGS = "-fno-objc-arc"; }; };
		7BC8797D191817DF002C9779 /* MultiDialViewController.m in Sources */ = {isa = PBXBuildFile; fileRef = 7BC8797A191817DF002C9779 /* MultiDialViewController.m */; settings = {COMPILER_FLAGS = "-fno-objc-arc"; }; };
		7BC8797F19182129002C9779 /* overlay@2x.png in Resources */ = {isa = PBXBuildFile; fileRef = 7BC8797E19182129002C9779 /* overlay@2x.png */; };
		7BE4BA621933984B00B23C88 /* CKParagraphStyle.m in Sources */ = {isa = PBXBuildFile; fileRef = 7BE4BA5C1933984B00B23C88 /* CKParagraphStyle.m */; };
		7BE4BA631933984B00B23C88 /* CKRefreshArrowView.m in Sources */ = {isa = PBXBuildFile; fileRef = 7BE4BA5E1933984B00B23C88 /* CKRefreshArrowView.m */; };
		7BE4BA641933984B00B23C88 /* CKRefreshControl.m in Sources */ = {isa = PBXBuildFile; fileRef = 7BE4BA611933984B00B23C88 /* CKRefreshControl.m */; };
		7BE4BA6D19339C8100B23C88 /* QuartzCore.framework in Frameworks */ = {isa = PBXBuildFile; fileRef = 7BE4BA6C19339C8100B23C88 /* QuartzCore.framework */; };
/* End PBXBuildFile section */

/* Begin PBXContainerItemProxy section */
		7BC87941190EC86A002C9779 /* PBXContainerItemProxy */ = {
			isa = PBXContainerItemProxy;
			containerPortal = 7BC8790E190EC869002C9779 /* Project object */;
			proxyType = 1;
			remoteGlobalIDString = 7BC87915190EC869002C9779;
			remoteInfo = OzuShuttleV2;
		};
/* End PBXContainerItemProxy section */

/* Begin PBXFileReference section */
		7B00BAE6192A24BD003FFC74 /* HUDHelper.h */ = {isa = PBXFileReference; fileEncoding = 4; lastKnownFileType = sourcecode.c.h; path = HUDHelper.h; sourceTree = "<group>"; };
		7B00BAE7192A24BD003FFC74 /* HUDHelper.m */ = {isa = PBXFileReference; fileEncoding = 4; lastKnownFileType = sourcecode.c.objc; path = HUDHelper.m; sourceTree = "<group>"; };
		7B00BAE8192A24BD003FFC74 /* MBProgressHUD.h */ = {isa = PBXFileReference; fileEncoding = 4; lastKnownFileType = sourcecode.c.h; path = MBProgressHUD.h; sourceTree = "<group>"; };
		7B00BAE9192A24BD003FFC74 /* MBProgressHUD.m */ = {isa = PBXFileReference; fileEncoding = 4; lastKnownFileType = sourcecode.c.objc; path = MBProgressHUD.m; sourceTree = "<group>"; };
		7B29F2CD191FF0BB0039B2D9 /* rightArrow.jpeg */ = {isa = PBXFileReference; lastKnownFileType = image.jpeg; path = rightArrow.jpeg; sourceTree = "<group>"; };
		7B29F2CF191FF1390039B2D9 /* rightarrow2.png */ = {isa = PBXFileReference; lastKnownFileType = image.png; path = rightarrow2.png; sourceTree = "<group>"; };
		7B29F2D1191FF1E50039B2D9 /* leftArrow.png */ = {isa = PBXFileReference; lastKnownFileType = image.png; path = leftArrow.png; sourceTree = "<group>"; };
		7BC87916190EC869002C9779 /* OzuShuttleV2.app */ = {isa = PBXFileReference; explicitFileType = wrapper.application; includeInIndex = 0; path = OzuShuttleV2.app; sourceTree = BUILT_PRODUCTS_DIR; };
		7BC87919190EC869002C9779 /* UIKit.framework */ = {isa = PBXFileReference; lastKnownFileType = wrapper.framework; name = UIKit.framework; path = System/Library/Frameworks/UIKit.framework; sourceTree = SDKROOT; };
		7BC8791B190EC869002C9779 /* Foundation.framework */ = {isa = PBXFileReference; lastKnownFileType = wrapper.framework; name = Foundation.framework; path = System/Library/Frameworks/Foundation.framework; sourceTree = SDKROOT; };
		7BC8791D190EC869002C9779 /* CoreGraphics.framework */ = {isa = PBXFileReference; lastKnownFileType = wrapper.framework; name = CoreGraphics.framework; path = System/Library/Frameworks/CoreGraphics.framework; sourceTree = SDKROOT; };
		7BC87921190EC869002C9779 /* OzuShuttleV2-Info.plist */ = {isa = PBXFileReference; lastKnownFileType = text.plist.xml; path = "OzuShuttleV2-Info.plist"; sourceTree = "<group>"; };
		7BC87923190EC869002C9779 /* en */ = {isa = PBXFileReference; lastKnownFileType = text.plist.strings; name = en; path = en.lproj/InfoPlist.strings; sourceTree = "<group>"; };
		7BC87925190EC869002C9779 /* main.m */ = {isa = PBXFileReference; lastKnownFileType = sourcecode.c.objc; path = main.m; sourceTree = "<group>"; };
		7BC87927190EC869002C9779 /* OzuShuttleV2-Prefix.pch */ = {isa = PBXFileReference; lastKnownFileType = sourcecode.c.h; path = "OzuShuttleV2-Prefix.pch"; sourceTree = "<group>"; };
		7BC87928190EC869002C9779 /* OzuShuttleV2AppDelegate.h */ = {isa = PBXFileReference; lastKnownFileType = sourcecode.c.h; path = OzuShuttleV2AppDelegate.h; sourceTree = "<group>"; };
		7BC87929190EC869002C9779 /* OzuShuttleV2AppDelegate.m */ = {isa = PBXFileReference; lastKnownFileType = sourcecode.c.objc; path = OzuShuttleV2AppDelegate.m; sourceTree = "<group>"; };
		7BC8792B190EC869002C9779 /* Default.png */ = {isa = PBXFileReference; lastKnownFileType = image.png; path = Default.png; sourceTree = "<group>"; };
		7BC8792D190EC869002C9779 /* Default@2x.png */ = {isa = PBXFileReference; lastKnownFileType = image.png; path = "Default@2x.png"; sourceTree = "<group>"; };
		7BC8792F190EC869002C9779 /* Default-568h@2x.png */ = {isa = PBXFileReference; lastKnownFileType = image.png; path = "Default-568h@2x.png"; sourceTree = "<group>"; };
		7BC87932190EC869002C9779 /* en */ = {isa = PBXFileReference; lastKnownFileType = file.storyboard; name = en; path = en.lproj/MainStoryboard.storyboard; sourceTree = "<group>"; };
		7BC87934190EC869002C9779 /* OzuShuttleV2ViewController.h */ = {isa = PBXFileReference; lastKnownFileType = sourcecode.c.h; path = OzuShuttleV2ViewController.h; sourceTree = "<group>"; };
		7BC87935190EC86A002C9779 /* OzuShuttleV2ViewController.m */ = {isa = PBXFileReference; lastKnownFileType = sourcecode.c.objc; path = OzuShuttleV2ViewController.m; sourceTree = "<group>"; };
		7BC8793C190EC86A002C9779 /* OzuShuttleV2Tests.octest */ = {isa = PBXFileReference; explicitFileType = wrapper.cfbundle; includeInIndex = 0; path = OzuShuttleV2Tests.octest; sourceTree = BUILT_PRODUCTS_DIR; };
		7BC8793D190EC86A002C9779 /* SenTestingKit.framework */ = {isa = PBXFileReference; lastKnownFileType = wrapper.framework; name = SenTestingKit.framework; path = Library/Frameworks/SenTestingKit.framework; sourceTree = DEVELOPER_DIR; };
		7BC87945190EC86A002C9779 /* OzuShuttleV2Tests-Info.plist */ = {isa = PBXFileReference; lastKnownFileType = text.plist.xml; path = "OzuShuttleV2Tests-Info.plist"; sourceTree = "<group>"; };
		7BC87947190EC86A002C9779 /* en */ = {isa = PBXFileReference; lastKnownFileType = text.plist.strings; name = en; path = en.lproj/InfoPlist.strings; sourceTree = "<group>"; };
		7BC87949190EC86A002C9779 /* OzuShuttleV2Tests.h */ = {isa = PBXFileReference; lastKnownFileType = sourcecode.c.h; path = OzuShuttleV2Tests.h; sourceTree = "<group>"; };
		7BC8794A190EC86A002C9779 /* OzuShuttleV2Tests.m */ = {isa = PBXFileReference; lastKnownFileType = sourcecode.c.objc; path = OzuShuttleV2Tests.m; sourceTree = "<group>"; };
		7BC87954190ED342002C9779 /* ShuttleHoursViewController.h */ = {isa = PBXFileReference; fileEncoding = 4; lastKnownFileType = sourcecode.c.h; path = ShuttleHoursViewController.h; sourceTree = "<group>"; };
		7BC87955190ED342002C9779 /* ShuttleHoursViewController.m */ = {isa = PBXFileReference; fileEncoding = 4; lastKnownFileType = sourcecode.c.objc; path = ShuttleHoursViewController.m; sourceTree = "<group>"; };
		7BC8795719180431002C9779 /* DummyInfo.h */ = {isa = PBXFileReference; fileEncoding = 4; lastKnownFileType = sourcecode.c.h; path = DummyInfo.h; sourceTree = "<group>"; };
		7BC8795819180431002C9779 /* DummyInfo.m */ = {isa = PBXFileReference; fileEncoding = 4; lastKnownFileType = sourcecode.c.objc; path = DummyInfo.m; sourceTree = "<group>"; };
		7BC8795B19180969002C9779 /* photo_edit_background.png */ = {isa = PBXFileReference; lastKnownFileType = image.png; name = photo_edit_background.png; path = Images/photo_edit_background.png; sourceTree = "<group>"; };
		7BC8795D19180980002C9779 /* photo_edit_background@2x.png */ = {isa = PBXFileReference; lastKnownFileType = image.png; name = "photo_edit_background@2x.png"; path = "Images/photo_edit_background@2x.png"; sourceTree = "<group>"; };
		7BC8795F19180BE7002C9779 /* addDescriptionBackGround.png */ = {isa = PBXFileReference; lastKnownFileType = image.png; name = addDescriptionBackGround.png; path = Images/addDescriptionBackGround.png; sourceTree = "<group>"; };
		7BC8796019180BE7002C9779 /* addDescriptionBackGround@2x.png */ = {isa = PBXFileReference; lastKnownFileType = image.png; name = "addDescriptionBackGround@2x.png"; path = "Images/addDescriptionBackGround@2x.png"; sourceTree = "<group>"; };
		7BC8796119180BE8002C9779 /* addDescriptionTextView.png */ = {isa = PBXFileReference; lastKnownFileType = image.png; name = addDescriptionTextView.png; path = Images/addDescriptionTextView.png; sourceTree = "<group>"; };
		7BC8796219180BE8002C9779 /* addDescriptionTextView@2x.png */ = {isa = PBXFileReference; lastKnownFileType = image.png; name = "addDescriptionTextView@2x.png"; path = "Images/addDescriptionTextView@2x.png"; sourceTree = "<group>"; };
		7BC8796319180BE8002C9779 /* row_background.png */ = {isa = PBXFileReference; lastKnownFileType = image.png; name = row_background.png; path = Images/row_background.png; sourceTree = "<group>"; };
		7BC8796419180BE8002C9779 /* row_background@2x.png */ = {isa = PBXFileReference; lastKnownFileType = image.png; name = "row_background@2x.png"; path = "Images/row_background@2x.png"; sourceTree = "<group>"; };
		7BC8796519180BE8002C9779 /* selectorSquare.png */ = {isa = PBXFileReference; lastKnownFileType = image.png; name = selectorSquare.png; path = Images/selectorSquare.png; sourceTree = "<group>"; };
		7BC8796619180BE8002C9779 /* selectorSquare@2x.png */ = {isa = PBXFileReference; lastKnownFileType = image.png; name = "selectorSquare@2x.png"; path = "Images/selectorSquare@2x.png"; sourceTree = "<group>"; };
		7BC87975191817DF002C9779 /* DialController.h */ = {isa = PBXFileReference; fileEncoding = 4; lastKnownFileType = sourcecode.c.h; path = DialController.h; sourceTree = "<group>"; };
		7BC87976191817DF002C9779 /* DialController.m */ = {isa = PBXFileReference; fileEncoding = 4; lastKnownFileType = sourcecode.c.objc; path = DialController.m; sourceTree = "<group>"; };
		7BC87977191817DF002C9779 /* GlowLabel.h */ = {isa = PBXFileReference; fileEncoding = 4; lastKnownFileType = sourcecode.c.h; path = GlowLabel.h; sourceTree = "<group>"; };
		7BC87978191817DF002C9779 /* GlowLabel.m */ = {isa = PBXFileReference; fileEncoding = 4; lastKnownFileType = sourcecode.c.objc; path = GlowLabel.m; sourceTree = "<group>"; };
		7BC87979191817DF002C9779 /* MultiDialViewController.h */ = {isa = PBXFileReference; fileEncoding = 4; lastKnownFileType = sourcecode.c.h; path = MultiDialViewController.h; sourceTree = "<group>"; };
		7BC8797A191817DF002C9779 /* MultiDialViewController.m */ = {isa = PBXFileReference; fileEncoding = 4; lastKnownFileType = sourcecode.c.objc; path = MultiDialViewController.m; sourceTree = "<group>"; };
		7BC8797E19182129002C9779 /* overlay@2x.png */ = {isa = PBXFileReference; lastKnownFileType = image.png; path = "overlay@2x.png"; sourceTree = "<group>"; };
		7BE4BA5B1933984B00B23C88 /* CKParagraphStyle.h */ = {isa = PBXFileReference; fileEncoding = 4; lastKnownFileType = sourcecode.c.h; path = CKParagraphStyle.h; sourceTree = "<group>"; };
		7BE4BA5C1933984B00B23C88 /* CKParagraphStyle.m */ = {isa = PBXFileReference; fileEncoding = 4; lastKnownFileType = sourcecode.c.objc; path = CKParagraphStyle.m; sourceTree = "<group>"; };
		7BE4BA5D1933984B00B23C88 /* CKRefreshArrowView.h */ = {isa = PBXFileReference; fileEncoding = 4; lastKnownFileType = sourcecode.c.h; path = CKRefreshArrowView.h; sourceTree = "<group>"; };
		7BE4BA5E1933984B00B23C88 /* CKRefreshArrowView.m */ = {isa = PBXFileReference; fileEncoding = 4; lastKnownFileType = sourcecode.c.objc; path = CKRefreshArrowView.m; sourceTree = "<group>"; };
		7BE4BA5F1933984B00B23C88 /* CKRefreshControl-Prefix.pch */ = {isa = PBXFileReference; fileEncoding = 4; lastKnownFileType = sourcecode.c.h; path = "CKRefreshControl-Prefix.pch"; sourceTree = "<group>"; };
		7BE4BA601933984B00B23C88 /* CKRefreshControl.h */ = {isa = PBXFileReference; fileEncoding = 4; lastKnownFileType = sourcecode.c.h; path = CKRefreshControl.h; sourceTree = "<group>"; };
		7BE4BA611933984B00B23C88 /* CKRefreshControl.m */ = {isa = PBXFileReference; fileEncoding = 4; lastKnownFileType = sourcecode.c.objc; path = CKRefreshControl.m; sourceTree = "<group>"; };
		7BE4BA6C19339C8100B23C88 /* QuartzCore.framework */ = {isa = PBXFileReference; lastKnownFileType = wrapper.framework; name = QuartzCore.framework; path = System/Library/Frameworks/QuartzCore.framework; sourceTree = SDKROOT; };
/* End PBXFileReference section */

/* Begin PBXFrameworksBuildPhase section */
		7BC87913190EC869002C9779 /* Frameworks */ = {
			isa = PBXFrameworksBuildPhase;
			buildActionMask = 2147483647;
			files = (
				7BE4BA6D19339C8100B23C88 /* QuartzCore.framework in Frameworks */,
				7BC8791A190EC869002C9779 /* UIKit.framework in Frameworks */,
				7BC8791C190EC869002C9779 /* Foundation.framework in Frameworks */,
				7BC8791E190EC869002C9779 /* CoreGraphics.framework in Frameworks */,
			);
			runOnlyForDeploymentPostprocessing = 0;
		};
		7BC87938190EC86A002C9779 /* Frameworks */ = {
			isa = PBXFrameworksBuildPhase;
			buildActionMask = 2147483647;
			files = (
				7BC8793E190EC86A002C9779 /* SenTestingKit.framework in Frameworks */,
				7BC8793F190EC86A002C9779 /* UIKit.framework in Frameworks */,
				7BC87940190EC86A002C9779 /* Foundation.framework in Frameworks */,
			);
			runOnlyForDeploymentPostprocessing = 0;
		};
/* End PBXFrameworksBuildPhase section */

/* Begin PBXGroup section */
		7B00BAE5192A24BD003FFC74 /* HUD Helper */ = {
			isa = PBXGroup;
			children = (
				7B00BAE6192A24BD003FFC74 /* HUDHelper.h */,
				7B00BAE7192A24BD003FFC74 /* HUDHelper.m */,
				7B00BAE8192A24BD003FFC74 /* MBProgressHUD.h */,
				7B00BAE9192A24BD003FFC74 /* MBProgressHUD.m */,
			);
			path = "HUD Helper";
			sourceTree = "<group>";
		};
		7BC8790D190EC869002C9779 = {
			isa = PBXGroup;
			children = (
				7BE4BA6C19339C8100B23C88 /* QuartzCore.framework */,
				7BC8791F190EC869002C9779 /* OzuShuttleV2 */,
				7BC87943190EC86A002C9779 /* OzuShuttleV2Tests */,
				7BC87918190EC869002C9779 /* Frameworks */,
				7BC87917190EC869002C9779 /* Products */,
			);
			sourceTree = "<group>";
		};
		7BC87917190EC869002C9779 /* Products */ = {
			isa = PBXGroup;
			children = (
				7BC87916190EC869002C9779 /* OzuShuttleV2.app */,
				7BC8793C190EC86A002C9779 /* OzuShuttleV2Tests.octest */,
			);
			name = Products;
			sourceTree = "<group>";
		};
		7BC87918190EC869002C9779 /* Frameworks */ = {
			isa = PBXGroup;
			children = (
				7BC87919190EC869002C9779 /* UIKit.framework */,
				7BC8791B190EC869002C9779 /* Foundation.framework */,
				7BC8791D190EC869002C9779 /* CoreGraphics.framework */,
				7BC8793D190EC86A002C9779 /* SenTestingKit.framework */,
			);
			name = Frameworks;
			sourceTree = "<group>";
		};
		7BC8791F190EC869002C9779 /* OzuShuttleV2 */ = {
			isa = PBXGroup;
			children = (
				7BE4BA5A1933984B00B23C88 /* CustomRefreshControl */,
				7B00BAE5192A24BD003FFC74 /* HUD Helper */,
				7BC87974191817DF002C9779 /* CustomSpinner */,
				7BC87954190ED342002C9779 /* ShuttleHoursViewController.h */,
				7BC87955190ED342002C9779 /* ShuttleHoursViewController.m */,
				7BC87928190EC869002C9779 /* OzuShuttleV2AppDelegate.h */,
				7BC87929190EC869002C9779 /* OzuShuttleV2AppDelegate.m */,
				7BC87931190EC869002C9779 /* MainStoryboard.storyboard */,
				7BC87934190EC869002C9779 /* OzuShuttleV2ViewController.h */,
				7BC87935190EC86A002C9779 /* OzuShuttleV2ViewController.m */,
				7BC87920190EC869002C9779 /* Supporting Files */,
			);
			path = OzuShuttleV2;
			sourceTree = "<group>";
		};
		7BC87920190EC869002C9779 /* Supporting Files */ = {
			isa = PBXGroup;
			children = (
				7BC8795A19180937002C9779 /* Images */,
				7BC87921190EC869002C9779 /* OzuShuttleV2-Info.plist */,
				7BC87922190EC869002C9779 /* InfoPlist.strings */,
				7BC87925190EC869002C9779 /* main.m */,
				7BC87927190EC869002C9779 /* OzuShuttleV2-Prefix.pch */,
				7BC8792B190EC869002C9779 /* Default.png */,
				7BC8792D190EC869002C9779 /* Default@2x.png */,
				7BC8792F190EC869002C9779 /* Default-568h@2x.png */,
				7BC8795719180431002C9779 /* DummyInfo.h */,
				7BC8795819180431002C9779 /* DummyInfo.m */,
			);
			name = "Supporting Files";
			sourceTree = "<group>";
		};
		7BC87943190EC86A002C9779 /* OzuShuttleV2Tests */ = {
			isa = PBXGroup;
			children = (
				7BC87949190EC86A002C9779 /* OzuShuttleV2Tests.h */,
				7BC8794A190EC86A002C9779 /* OzuShuttleV2Tests.m */,
				7BC87944190EC86A002C9779 /* Supporting Files */,
			);
			path = OzuShuttleV2Tests;
			sourceTree = "<group>";
		};
		7BC87944190EC86A002C9779 /* Supporting Files */ = {
			isa = PBXGroup;
			children = (
				7BC87945190EC86A002C9779 /* OzuShuttleV2Tests-Info.plist */,
				7BC87946190EC86A002C9779 /* InfoPlist.strings */,
			);
			name = "Supporting Files";
			sourceTree = "<group>";
		};
		7BC8795A19180937002C9779 /* Images */ = {
			isa = PBXGroup;
			children = (
				7B29F2D1191FF1E50039B2D9 /* leftArrow.png */,
				7B29F2CF191FF1390039B2D9 /* rightarrow2.png */,
				7B29F2CD191FF0BB0039B2D9 /* rightArrow.jpeg */,
				7BC8797E19182129002C9779 /* overlay@2x.png */,
				7BC8795F19180BE7002C9779 /* addDescriptionBackGround.png */,
				7BC8796019180BE7002C9779 /* addDescriptionBackGround@2x.png */,
				7BC8796119180BE8002C9779 /* addDescriptionTextView.png */,
				7BC8796219180BE8002C9779 /* addDescriptionTextView@2x.png */,
				7BC8796319180BE8002C9779 /* row_background.png */,
				7BC8796419180BE8002C9779 /* row_background@2x.png */,
				7BC8796519180BE8002C9779 /* selectorSquare.png */,
				7BC8796619180BE8002C9779 /* selectorSquare@2x.png */,
				7BC8795D19180980002C9779 /* photo_edit_background@2x.png */,
				7BC8795B19180969002C9779 /* photo_edit_background.png */,
			);
			name = Images;
			sourceTree = "<group>";
		};
		7BC87974191817DF002C9779 /* CustomSpinner */ = {
			isa = PBXGroup;
			children = (
				7BC87975191817DF002C9779 /* DialController.h */,
				7BC87976191817DF002C9779 /* DialController.m */,
				7BC87977191817DF002C9779 /* GlowLabel.h */,
				7BC87978191817DF002C9779 /* GlowLabel.m */,
				7BC87979191817DF002C9779 /* MultiDialViewController.h */,
				7BC8797A191817DF002C9779 /* MultiDialViewController.m */,
			);
			path = CustomSpinner;
			sourceTree = "<group>";
		};
		7BE4BA5A1933984B00B23C88 /* CustomRefreshControl */ = {
			isa = PBXGroup;
			children = (
				7BE4BA5B1933984B00B23C88 /* CKParagraphStyle.h */,
				7BE4BA5C1933984B00B23C88 /* CKParagraphStyle.m */,
				7BE4BA5D1933984B00B23C88 /* CKRefreshArrowView.h */,
				7BE4BA5E1933984B00B23C88 /* CKRefreshArrowView.m */,
				7BE4BA5F1933984B00B23C88 /* CKRefreshControl-Prefix.pch */,
				7BE4BA601933984B00B23C88 /* CKRefreshControl.h */,
				7BE4BA611933984B00B23C88 /* CKRefreshControl.m */,
			);
			path = CustomRefreshControl;
			sourceTree = "<group>";
		};
/* End PBXGroup section */

/* Begin PBXNativeTarget section */
		7BC87915190EC869002C9779 /* OzuShuttleV2 */ = {
			isa = PBXNativeTarget;
			buildConfigurationList = 7BC8794E190EC86A002C9779 /* Build configuration list for PBXNativeTarget "OzuShuttleV2" */;
			buildPhases = (
				7BC87912190EC869002C9779 /* Sources */,
				7BC87913190EC869002C9779 /* Frameworks */,
				7BC87914190EC869002C9779 /* Resources */,
			);
			buildRules = (
			);
			dependencies = (
			);
			name = OzuShuttleV2;
			productName = OzuShuttleV2;
			productReference = 7BC87916190EC869002C9779 /* OzuShuttleV2.app */;
			productType = "com.apple.product-type.application";
		};
		7BC8793B190EC86A002C9779 /* OzuShuttleV2Tests */ = {
			isa = PBXNativeTarget;
			buildConfigurationList = 7BC87951190EC86A002C9779 /* Build configuration list for PBXNativeTarget "OzuShuttleV2Tests" */;
			buildPhases = (
				7BC87937190EC86A002C9779 /* Sources */,
				7BC87938190EC86A002C9779 /* Frameworks */,
				7BC87939190EC86A002C9779 /* Resources */,
				7BC8793A190EC86A002C9779 /* ShellScript */,
			);
			buildRules = (
			);
			dependencies = (
				7BC87942190EC86A002C9779 /* PBXTargetDependency */,
			);
			name = OzuShuttleV2Tests;
			productName = OzuShuttleV2Tests;
			productReference = 7BC8793C190EC86A002C9779 /* OzuShuttleV2Tests.octest */;
			productType = "com.apple.product-type.bundle";
		};
/* End PBXNativeTarget section */

/* Begin PBXProject section */
		7BC8790E190EC869002C9779 /* Project object */ = {
			isa = PBXProject;
			attributes = {
				CLASSPREFIX = OzuShuttleV2;
				LastTestingUpgradeCheck = 0510;
				LastUpgradeCheck = 0460;
				ORGANIZATIONNAME = Can.Computer;
			};
			buildConfigurationList = 7BC87911190EC869002C9779 /* Build configuration list for PBXProject "OzuShuttleV2" */;
			compatibilityVersion = "Xcode 3.2";
			developmentRegion = English;
			hasScannedForEncodings = 0;
			knownRegions = (
				en,
			);
			mainGroup = 7BC8790D190EC869002C9779;
			productRefGroup = 7BC87917190EC869002C9779 /* Products */;
			projectDirPath = "";
			projectRoot = "";
			targets = (
				7BC87915190EC869002C9779 /* OzuShuttleV2 */,
				7BC8793B190EC86A002C9779 /* OzuShuttleV2Tests */,
			);
		};
/* End PBXProject section */

/* Begin PBXResourcesBuildPhase section */
		7BC87914190EC869002C9779 /* Resources */ = {
			isa = PBXResourcesBuildPhase;
			buildActionMask = 2147483647;
			files = (
				7BC87924190EC869002C9779 /* InfoPlist.strings in Resources */,
				7BC8792C190EC869002C9779 /* Default.png in Resources */,
				7BC8792E190EC869002C9779 /* Default@2x.png in Resources */,
				7BC87930190EC869002C9779 /* Default-568h@2x.png in Resources */,
				7BC87933190EC869002C9779 /* MainStoryboard.storyboard in Resources */,
				7BC8795C19180969002C9779 /* photo_edit_background.png in Resources */,
				7BC8795E19180980002C9779 /* photo_edit_background@2x.png in Resources */,
				7BC8796719180BE8002C9779 /* addDescriptionBackGround.png in Resources */,
				7BC8796819180BE8002C9779 /* addDescriptionBackGround@2x.png in Resources */,
				7BC8796919180BE8002C9779 /* addDescriptionTextView.png in Resources */,
				7BC8796A19180BE8002C9779 /* addDescriptionTextView@2x.png in Resources */,
				7BC8796B19180BE8002C9779 /* row_background.png in Resources */,
				7BC8796C19180BE8002C9779 /* row_background@2x.png in Resources */,
				7BC8796D19180BE8002C9779 /* selectorSquare.png in Resources */,
				7BC8796E19180BE8002C9779 /* selectorSquare@2x.png in Resources */,
				7BC8797F19182129002C9779 /* overlay@2x.png in Resources */,
				7B29F2CE191FF0BB0039B2D9 /* rightArrow.jpeg in Resources */,
				7B29F2D0191FF1390039B2D9 /* rightarrow2.png in Resources */,
				7B29F2D2191FF1E50039B2D9 /* leftArrow.png in Resources */,
			);
			runOnlyForDeploymentPostprocessing = 0;
		};
		7BC87939190EC86A002C9779 /* Resources */ = {
			isa = PBXResourcesBuildPhase;
			buildActionMask = 2147483647;
			files = (
				7BC87948190EC86A002C9779 /* InfoPlist.strings in Resources */,
			);
			runOnlyForDeploymentPostprocessing = 0;
		};
/* End PBXResourcesBuildPhase section */

/* Begin PBXShellScriptBuildPhase section */
		7BC8793A190EC86A002C9779 /* ShellScript */ = {
			isa = PBXShellScriptBuildPhase;
			buildActionMask = 2147483647;
			files = (
			);
			inputPaths = (
			);
			outputPaths = (
			);
			runOnlyForDeploymentPostprocessing = 0;
			shellPath = /bin/sh;
			shellScript = "# Run the unit tests in this test bundle.\n\"${SYSTEM_DEVELOPER_DIR}/Tools/RunUnitTests\"\n";
		};
/* End PBXShellScriptBuildPhase section */

/* Begin PBXSourcesBuildPhase section */
		7BC87912190EC869002C9779 /* Sources */ = {
			isa = PBXSourcesBuildPhase;
			buildActionMask = 2147483647;
			files = (
				7BC87926190EC869002C9779 /* main.m in Sources */,
				7BC8792A190EC869002C9779 /* OzuShuttleV2AppDelegate.m in Sources */,
				7BC87936190EC86A002C9779 /* OzuShuttleV2ViewController.m in Sources */,
				7BC87956190ED342002C9779 /* ShuttleHoursViewController.m in Sources */,
				7BC8795919180431002C9779 /* DummyInfo.m in Sources */,
				7BC8797B191817DF002C9779 /* DialController.m in Sources */,
				7BC8797C191817DF002C9779 /* GlowLabel.m in Sources */,
				7BC8797D191817DF002C9779 /* MultiDialViewController.m in Sources */,
				7B00BAEA192A24BD003FFC74 /* HUDHelper.m in Sources */,
				7B00BAEB192A24BD003FFC74 /* MBProgressHUD.m in Sources */,
				7BE4BA621933984B00B23C88 /* CKParagraphStyle.m in Sources */,
				7BE4BA631933984B00B23C88 /* CKRefreshArrowView.m in Sources */,
				7BE4BA641933984B00B23C88 /* CKRefreshControl.m in Sources */,
			);
			runOnlyForDeploymentPostprocessing = 0;
		};
		7BC87937190EC86A002C9779 /* Sources */ = {
			isa = PBXSourcesBuildPhase;
			buildActionMask = 2147483647;
			files = (
				7BC8794B190EC86A002C9779 /* OzuShuttleV2Tests.m in Sources */,
			);
			runOnlyForDeploymentPostprocessing = 0;
		};
/* End PBXSourcesBuildPhase section */

/* Begin PBXTargetDependency section */
		7BC87942190EC86A002C9779 /* PBXTargetDependency */ = {
			isa = PBXTargetDependency;
			target = 7BC87915190EC869002C9779 /* OzuShuttleV2 */;
			targetProxy = 7BC87941190EC86A002C9779 /* PBXContainerItemProxy */;
		};
/* End PBXTargetDependency section */

/* Begin PBXVariantGroup section */
		7BC87922190EC869002C9779 /* InfoPlist.strings */ = {
			isa = PBXVariantGroup;
			children = (
				7BC87923190EC869002C9779 /* en */,
			);
			name = InfoPlist.strings;
			sourceTree = "<group>";
		};
		7BC87931190EC869002C9779 /* MainStoryboard.storyboard */ = {
			isa = PBXVariantGroup;
			children = (
				7BC87932190EC869002C9779 /* en */,
			);
			name = MainStoryboard.storyboard;
			sourceTree = "<group>";
		};
		7BC87946190EC86A002C9779 /* InfoPlist.strings */ = {
			isa = PBXVariantGroup;
			children = (
				7BC87947190EC86A002C9779 /* en */,
			);
			name = InfoPlist.strings;
			sourceTree = "<group>";
		};
/* End PBXVariantGroup section */

/* Begin XCBuildConfiguration section */
		7BC8794C190EC86A002C9779 /* Debug */ = {
			isa = XCBuildConfiguration;
			buildSettings = {
				ALWAYS_SEARCH_USER_PATHS = NO;
				CLANG_CXX_LANGUAGE_STANDARD = "gnu++0x";
				CLANG_CXX_LIBRARY = "libc++";
				CLANG_ENABLE_OBJC_ARC = YES;
				CLANG_WARN_CONSTANT_CONVERSION = YES;
				CLANG_WARN_EMPTY_BODY = YES;
				CLANG_WARN_ENUM_CONVERSION = YES;
				CLANG_WARN_INT_CONVERSION = YES;
				CLANG_WARN__DUPLICATE_METHOD_MATCH = YES;
				"CODE_SIGN_IDENTITY[sdk=iphoneos*]" = "iPhone Developer";
				COPY_PHASE_STRIP = NO;
				GCC_C_LANGUAGE_STANDARD = gnu99;
				GCC_DYNAMIC_NO_PIC = NO;
				GCC_OPTIMIZATION_LEVEL = 0;
				GCC_PREPROCESSOR_DEFINITIONS = (
					"DEBUG=1",
					"$(inherited)",
				);
				GCC_SYMBOLS_PRIVATE_EXTERN = NO;
				GCC_WARN_ABOUT_RETURN_TYPE = YES;
				GCC_WARN_UNINITIALIZED_AUTOS = YES;
				GCC_WARN_UNUSED_VARIABLE = YES;
				IPHONEOS_DEPLOYMENT_TARGET = 6.1;
				ONLY_ACTIVE_ARCH = YES;
				SDKROOT = iphoneos;
			};
			name = Debug;
		};
		7BC8794D190EC86A002C9779 /* Release */ = {
			isa = XCBuildConfiguration;
			buildSettings = {
				ALWAYS_SEARCH_USER_PATHS = NO;
				CLANG_CXX_LANGUAGE_STANDARD = "gnu++0x";
				CLANG_CXX_LIBRARY = "libc++";
				CLANG_ENABLE_OBJC_ARC = YES;
				CLANG_WARN_CONSTANT_CONVERSION = YES;
				CLANG_WARN_EMPTY_BODY = YES;
				CLANG_WARN_ENUM_CONVERSION = YES;
				CLANG_WARN_INT_CONVERSION = YES;
				CLANG_WARN__DUPLICATE_METHOD_MATCH = YES;
				"CODE_SIGN_IDENTITY[sdk=iphoneos*]" = "iPhone Developer";
				COPY_PHASE_STRIP = YES;
				GCC_C_LANGUAGE_STANDARD = gnu99;
				GCC_WARN_ABOUT_RETURN_TYPE = YES;
				GCC_WARN_UNINITIALIZED_AUTOS = YES;
				GCC_WARN_UNUSED_VARIABLE = YES;
				IPHONEOS_DEPLOYMENT_TARGET = 6.1;
				OTHER_CFLAGS = "-DNS_BLOCK_ASSERTIONS=1";
				SDKROOT = iphoneos;
				VALIDATE_PRODUCT = YES;
			};
			name = Release;
		};
		7BC8794F190EC86A002C9779 /* Debug */ = {
			isa = XCBuildConfiguration;
			buildSettings = {
				GCC_PRECOMPILE_PREFIX_HEADER = YES;
				GCC_PREFIX_HEADER = "OzuShuttleV2/OzuShuttleV2-Prefix.pch";
				INFOPLIST_FILE = "OzuShuttleV2/OzuShuttleV2-Info.plist";
				PRODUCT_NAME = "$(TARGET_NAME)";
				WRAPPER_EXTENSION = app;
			};
			name = Debug;
		};
		7BC87950190EC86A002C9779 /* Release */ = {
			isa = XCBuildConfiguration;
			buildSettings = {
				GCC_PRECOMPILE_PREFIX_HEADER = YES;
				GCC_PREFIX_HEADER = "OzuShuttleV2/OzuShuttleV2-Prefix.pch";
				INFOPLIST_FILE = "OzuShuttleV2/OzuShuttleV2-Info.plist";
				PRODUCT_NAME = "$(TARGET_NAME)";
				WRAPPER_EXTENSION = app;
			};
			name = Release;
		};
		7BC87952190EC86A002C9779 /* Debug */ = {
			isa = XCBuildConfiguration;
			buildSettings = {
				BUNDLE_LOADER = "$(BUILT_PRODUCTS_DIR)/OzuShuttleV2.app/OzuShuttleV2";
				FRAMEWORK_SEARCH_PATHS = (
					"\"$(SDKROOT)/Developer/Library/Frameworks\"",
					"\"$(DEVELOPER_LIBRARY_DIR)/Frameworks\"",
				);
				GCC_PRECOMPILE_PREFIX_HEADER = YES;
				GCC_PREFIX_HEADER = "OzuShuttleV2/OzuShuttleV2-Prefix.pch";
				INFOPLIST_FILE = "OzuShuttleV2Tests/OzuShuttleV2Tests-Info.plist";
				PRODUCT_NAME = "$(TARGET_NAME)";
				TEST_HOST = "$(BUNDLE_LOADER)";
				WRAPPER_EXTENSION = octest;
			};
			name = Debug;
		};
		7BC87953190EC86A002C9779 /* Release */ = {
			isa = XCBuildConfiguration;
			buildSettings = {
				BUNDLE_LOADER = "$(BUILT_PRODUCTS_DIR)/OzuShuttleV2.app/OzuShuttleV2";
				FRAMEWORK_SEARCH_PATHS = (
					"\"$(SDKROOT)/Developer/Library/Frameworks\"",
					"\"$(DEVELOPER_LIBRARY_DIR)/Frameworks\"",
				);
				GCC_PRECOMPILE_PREFIX_HEADER = YES;
				GCC_PREFIX_HEADER = "OzuShuttleV2/OzuShuttleV2-Prefix.pch";
				INFOPLIST_FILE = "OzuShuttleV2Tests/OzuShuttleV2Tests-Info.plist";
				PRODUCT_NAME = "$(TARGET_NAME)";
				TEST_HOST = "$(BUNDLE_LOADER)";
				WRAPPER_EXTENSION = octest;
			};
			name = Release;
		};
/* End XCBuildConfiguration section */

/* Begin XCConfigurationList section */
		7BC87911190EC869002C9779 /* Build configuration list for PBXProject "OzuShuttleV2" */ = {
			isa = XCConfigurationList;
			buildConfigurations = (
				7BC8794C190EC86A002C9779 /* Debug */,
				7BC8794D190EC86A002C9779 /* Release */,
			);
			defaultConfigurationIsVisible = 0;
			defaultConfigurationName = Release;
		};
		7BC8794E190EC86A002C9779 /* Build configuration list for PBXNativeTarget "OzuShuttleV2" */ = {
			isa = XCConfigurationList;
			buildConfigurations = (
				7BC8794F190EC86A002C9779 /* Debug */,
				7BC87950190EC86A002C9779 /* Release */,
			);
			defaultConfigurationIsVisible = 0;
			defaultConfigurationName = Release;
		};
		7BC87951190EC86A002C9779 /* Build configuration list for PBXNativeTarget "OzuShuttleV2Tests" */ = {
			isa = XCConfigurationList;
			buildConfigurations = (
				7BC87952190EC86A002C9779 /* Debug */,
				7BC87953190EC86A002C9779 /* Release */,
			);
			defaultConfigurationIsVisible = 0;
			defaultConfigurationName = Release;
		};
/* End XCConfigurationList section */
	};
	rootObject = 7BC8790E190EC869002C9779 /* Project object */;
}
