// !$*UTF8*$!
{
	archiveVersion = 1;
	classes = {
	};
	objectVersion = 46;
	objects = {

/* Begin PBXBuildFile section */
		EEF44D9A190E621D009F3201 /* Foundation.framework in Frameworks */ = {isa = PBXBuildFile; fileRef = EEF44D99190E621D009F3201 /* Foundation.framework */; };
		EEF44D9C190E621D009F3201 /* CoreGraphics.framework in Frameworks */ = {isa = PBXBuildFile; fileRef = EEF44D9B190E621D009F3201 /* CoreGraphics.framework */; };
		EEF44D9E190E621D009F3201 /* UIKit.framework in Frameworks */ = {isa = PBXBuildFile; fileRef = EEF44D9D190E621D009F3201 /* UIKit.framework */; };
		EEF44DA4190E621D009F3201 /* InfoPlist.strings in Resources */ = {isa = PBXBuildFile; fileRef = EEF44DA2190E621D009F3201 /* InfoPlist.strings */; };
		EEF44DA6190E621D009F3201 /* main.m in Sources */ = {isa = PBXBuildFile; fileRef = EEF44DA5190E621D009F3201 /* main.m */; };
		EEF44DAA190E621D009F3201 /* AppDelegate.m in Sources */ = {isa = PBXBuildFile; fileRef = EEF44DA9190E621D009F3201 /* AppDelegate.m */; };
		EEF44DAD190E621D009F3201 /* Main.storyboard in Resources */ = {isa = PBXBuildFile; fileRef = EEF44DAB190E621D009F3201 /* Main.storyboard */; };
		EEF44DB0190E621D009F3201 /* ViewController.m in Sources */ = {isa = PBXBuildFile; fileRef = EEF44DAF190E621D009F3201 /* ViewController.m */; };
		EEF44DB2190E621D009F3201 /* Images.xcassets in Resources */ = {isa = PBXBuildFile; fileRef = EEF44DB1190E621D009F3201 /* Images.xcassets */; };
		EEF44DB9190E621D009F3201 /* XCTest.framework in Frameworks */ = {isa = PBXBuildFile; fileRef = EEF44DB8190E621D009F3201 /* XCTest.framework */; };
		EEF44DBA190E621D009F3201 /* Foundation.framework in Frameworks */ = {isa = PBXBuildFile; fileRef = EEF44D99190E621D009F3201 /* Foundation.framework */; };
		EEF44DBB190E621D009F3201 /* UIKit.framework in Frameworks */ = {isa = PBXBuildFile; fileRef = EEF44D9D190E621D009F3201 /* UIKit.framework */; };
		EEF44DC3190E621D009F3201 /* InfoPlist.strings in Resources */ = {isa = PBXBuildFile; fileRef = EEF44DC1190E621D009F3201 /* InfoPlist.strings */; };
		EEF44DC5190E621D009F3201 /* OzUShuttleTests.m in Sources */ = {isa = PBXBuildFile; fileRef = EEF44DC4190E621D009F3201 /* OzUShuttleTests.m */; };
		EEF44DD0190E65B4009F3201 /* shuttleSelectorViewController.m in Sources */ = {isa = PBXBuildFile; fileRef = EEF44DCF190E65B4009F3201 /* shuttleSelectorViewController.m */; };
/* End PBXBuildFile section */

/* Begin PBXContainerItemProxy section */
		EEF44DBC190E621D009F3201 /* PBXContainerItemProxy */ = {
			isa = PBXContainerItemProxy;
			containerPortal = EEF44D8E190E621D009F3201 /* Project object */;
			proxyType = 1;
			remoteGlobalIDString = EEF44D95190E621D009F3201;
			remoteInfo = OzUShuttle;
		};
/* End PBXContainerItemProxy section */

/* Begin PBXFileReference section */
		EEF44D96190E621D009F3201 /* OzUShuttle.app */ = {isa = PBXFileReference; explicitFileType = wrapper.application; includeInIndex = 0; path = OzUShuttle.app; sourceTree = BUILT_PRODUCTS_DIR; };
		EEF44D99190E621D009F3201 /* Foundation.framework */ = {isa = PBXFileReference; lastKnownFileType = wrapper.framework; name = Foundation.framework; path = System/Library/Frameworks/Foundation.framework; sourceTree = SDKROOT; };
		EEF44D9B190E621D009F3201 /* CoreGraphics.framework */ = {isa = PBXFileReference; lastKnownFileType = wrapper.framework; name = CoreGraphics.framework; path = System/Library/Frameworks/CoreGraphics.framework; sourceTree = SDKROOT; };
		EEF44D9D190E621D009F3201 /* UIKit.framework */ = {isa = PBXFileReference; lastKnownFileType = wrapper.framework; name = UIKit.framework; path = System/Library/Frameworks/UIKit.framework; sourceTree = SDKROOT; };
		EEF44DA1190E621D009F3201 /* OzUShuttle-Info.plist */ = {isa = PBXFileReference; lastKnownFileType = text.plist.xml; path = "OzUShuttle-Info.plist"; sourceTree = "<group>"; };
		EEF44DA3190E621D009F3201 /* en */ = {isa = PBXFileReference; lastKnownFileType = text.plist.strings; name = en; path = en.lproj/InfoPlist.strings; sourceTree = "<group>"; };
		EEF44DA5190E621D009F3201 /* main.m */ = {isa = PBXFileReference; lastKnownFileType = sourcecode.c.objc; path = main.m; sourceTree = "<group>"; };
		EEF44DA7190E621D009F3201 /* OzUShuttle-Prefix.pch */ = {isa = PBXFileReference; lastKnownFileType = sourcecode.c.h; path = "OzUShuttle-Prefix.pch"; sourceTree = "<group>"; };
		EEF44DA8190E621D009F3201 /* AppDelegate.h */ = {isa = PBXFileReference; lastKnownFileType = sourcecode.c.h; path = AppDelegate.h; sourceTree = "<group>"; };
		EEF44DA9190E621D009F3201 /* AppDelegate.m */ = {isa = PBXFileReference; lastKnownFileType = sourcecode.c.objc; path = AppDelegate.m; sourceTree = "<group>"; };
		EEF44DAC190E621D009F3201 /* Base */ = {isa = PBXFileReference; lastKnownFileType = file.storyboard; name = Base; path = Base.lproj/Main.storyboard; sourceTree = "<group>"; };
		EEF44DAE190E621D009F3201 /* ViewController.h */ = {isa = PBXFileReference; lastKnownFileType = sourcecode.c.h; path = ViewController.h; sourceTree = "<group>"; };
		EEF44DAF190E621D009F3201 /* ViewController.m */ = {isa = PBXFileReference; lastKnownFileType = sourcecode.c.objc; path = ViewController.m; sourceTree = "<group>"; };
		EEF44DB1190E621D009F3201 /* Images.xcassets */ = {isa = PBXFileReference; lastKnownFileType = folder.assetcatalog; path = Images.xcassets; sourceTree = "<group>"; };
		EEF44DB7190E621D009F3201 /* OzUShuttleTests.xctest */ = {isa = PBXFileReference; explicitFileType = wrapper.cfbundle; includeInIndex = 0; path = OzUShuttleTests.xctest; sourceTree = BUILT_PRODUCTS_DIR; };
		EEF44DB8190E621D009F3201 /* XCTest.framework */ = {isa = PBXFileReference; lastKnownFileType = wrapper.framework; name = XCTest.framework; path = Library/Frameworks/XCTest.framework; sourceTree = DEVELOPER_DIR; };
		EEF44DC0190E621D009F3201 /* OzUShuttleTests-Info.plist */ = {isa = PBXFileReference; lastKnownFileType = text.plist.xml; path = "OzUShuttleTests-Info.plist"; sourceTree = "<group>"; };
		EEF44DC2190E621D009F3201 /* en */ = {isa = PBXFileReference; lastKnownFileType = text.plist.strings; name = en; path = en.lproj/InfoPlist.strings; sourceTree = "<group>"; };
		EEF44DC4190E621D009F3201 /* OzUShuttleTests.m */ = {isa = PBXFileReference; lastKnownFileType = sourcecode.c.objc; path = OzUShuttleTests.m; sourceTree = "<group>"; };
		EEF44DCE190E65B4009F3201 /* shuttleSelectorViewController.h */ = {isa = PBXFileReference; fileEncoding = 4; lastKnownFileType = sourcecode.c.h; path = shuttleSelectorViewController.h; sourceTree = "<group>"; };
		EEF44DCF190E65B4009F3201 /* shuttleSelectorViewController.m */ = {isa = PBXFileReference; fileEncoding = 4; lastKnownFileType = sourcecode.c.objc; path = shuttleSelectorViewController.m; sourceTree = "<group>"; };
/* End PBXFileReference section */

/* Begin PBXFrameworksBuildPhase section */
		EEF44D93190E621D009F3201 /* Frameworks */ = {
			isa = PBXFrameworksBuildPhase;
			buildActionMask = 2147483647;
			files = (
				EEF44D9C190E621D009F3201 /* CoreGraphics.framework in Frameworks */,
				EEF44D9E190E621D009F3201 /* UIKit.framework in Frameworks */,
				EEF44D9A190E621D009F3201 /* Foundation.framework in Frameworks */,
			);
			runOnlyForDeploymentPostprocessing = 0;
		};
		EEF44DB4190E621D009F3201 /* Frameworks */ = {
			isa = PBXFrameworksBuildPhase;
			buildActionMask = 2147483647;
			files = (
				EEF44DB9190E621D009F3201 /* XCTest.framework in Frameworks */,
				EEF44DBB190E621D009F3201 /* UIKit.framework in Frameworks */,
				EEF44DBA190E621D009F3201 /* Foundation.framework in Frameworks */,
			);
			runOnlyForDeploymentPostprocessing = 0;
		};
/* End PBXFrameworksBuildPhase section */

/* Begin PBXGroup section */
		EEF44D8D190E621D009F3201 = {
			isa = PBXGroup;
			children = (
				EEF44D9F190E621D009F3201 /* OzUShuttle */,
				EEF44DBE190E621D009F3201 /* OzUShuttleTests */,
				EEF44D98190E621D009F3201 /* Frameworks */,
				EEF44D97190E621D009F3201 /* Products */,
			);
			sourceTree = "<group>";
		};
		EEF44D97190E621D009F3201 /* Products */ = {
			isa = PBXGroup;
			children = (
				EEF44D96190E621D009F3201 /* OzUShuttle.app */,
				EEF44DB7190E621D009F3201 /* OzUShuttleTests.xctest */,
			);
			name = Products;
			sourceTree = "<group>";
		};
		EEF44D98190E621D009F3201 /* Frameworks */ = {
			isa = PBXGroup;
			children = (
				EEF44D99190E621D009F3201 /* Foundation.framework */,
				EEF44D9B190E621D009F3201 /* CoreGraphics.framework */,
				EEF44D9D190E621D009F3201 /* UIKit.framework */,
				EEF44DB8190E621D009F3201 /* XCTest.framework */,
			);
			name = Frameworks;
			sourceTree = "<group>";
		};
		EEF44D9F190E621D009F3201 /* OzUShuttle */ = {
			isa = PBXGroup;
			children = (
				EEF44DA8190E621D009F3201 /* AppDelegate.h */,
				EEF44DA9190E621D009F3201 /* AppDelegate.m */,
				EEF44DAB190E621D009F3201 /* Main.storyboard */,
				EEF44DCE190E65B4009F3201 /* shuttleSelectorViewController.h */,
				EEF44DCF190E65B4009F3201 /* shuttleSelectorViewController.m */,
				EEF44DAE190E621D009F3201 /* ViewController.h */,
				EEF44DAF190E621D009F3201 /* ViewController.m */,
				EEF44DB1190E621D009F3201 /* Images.xcassets */,
				EEF44DA0190E621D009F3201 /* Supporting Files */,
			);
			path = OzUShuttle;
			sourceTree = "<group>";
		};
		EEF44DA0190E621D009F3201 /* Supporting Files */ = {
			isa = PBXGroup;
			children = (
				EEF44DA1190E621D009F3201 /* OzUShuttle-Info.plist */,
				EEF44DA2190E621D009F3201 /* InfoPlist.strings */,
				EEF44DA5190E621D009F3201 /* main.m */,
				EEF44DA7190E621D009F3201 /* OzUShuttle-Prefix.pch */,
			);
			name = "Supporting Files";
			sourceTree = "<group>";
		};
		EEF44DBE190E621D009F3201 /* OzUShuttleTests */ = {
			isa = PBXGroup;
			children = (
				EEF44DC4190E621D009F3201 /* OzUShuttleTests.m */,
				EEF44DBF190E621D009F3201 /* Supporting Files */,
			);
			path = OzUShuttleTests;
			sourceTree = "<group>";
		};
		EEF44DBF190E621D009F3201 /* Supporting Files */ = {
			isa = PBXGroup;
			children = (
				EEF44DC0190E621D009F3201 /* OzUShuttleTests-Info.plist */,
				EEF44DC1190E621D009F3201 /* InfoPlist.strings */,
			);
			name = "Supporting Files";
			sourceTree = "<group>";
		};
/* End PBXGroup section */

/* Begin PBXNativeTarget section */
		EEF44D95190E621D009F3201 /* OzUShuttle */ = {
			isa = PBXNativeTarget;
			buildConfigurationList = EEF44DC8190E621D009F3201 /* Build configuration list for PBXNativeTarget "OzUShuttle" */;
			buildPhases = (
				EEF44D92190E621D009F3201 /* Sources */,
				EEF44D93190E621D009F3201 /* Frameworks */,
				EEF44D94190E621D009F3201 /* Resources */,
			);
			buildRules = (
			);
			dependencies = (
			);
			name = OzUShuttle;
			productName = OzUShuttle;
			productReference = EEF44D96190E621D009F3201 /* OzUShuttle.app */;
			productType = "com.apple.product-type.application";
		};
		EEF44DB6190E621D009F3201 /* OzUShuttleTests */ = {
			isa = PBXNativeTarget;
			buildConfigurationList = EEF44DCB190E621D009F3201 /* Build configuration list for PBXNativeTarget "OzUShuttleTests" */;
			buildPhases = (
				EEF44DB3190E621D009F3201 /* Sources */,
				EEF44DB4190E621D009F3201 /* Frameworks */,
				EEF44DB5190E621D009F3201 /* Resources */,
			);
			buildRules = (
			);
			dependencies = (
				EEF44DBD190E621D009F3201 /* PBXTargetDependency */,
			);
			name = OzUShuttleTests;
			productName = OzUShuttleTests;
			productReference = EEF44DB7190E621D009F3201 /* OzUShuttleTests.xctest */;
			productType = "com.apple.product-type.bundle.unit-test";
		};
/* End PBXNativeTarget section */

/* Begin PBXProject section */
		EEF44D8E190E621D009F3201 /* Project object */ = {
			isa = PBXProject;
			attributes = {
				LastUpgradeCheck = 0510;
				ORGANIZATIONNAME = "Alp Kaan Erer - CS 320 Group";
				TargetAttributes = {
					EEF44DB6190E621D009F3201 = {
						TestTargetID = EEF44D95190E621D009F3201;
					};
				};
			};
			buildConfigurationList = EEF44D91190E621D009F3201 /* Build configuration list for PBXProject "OzUShuttle" */;
			compatibilityVersion = "Xcode 3.2";
			developmentRegion = English;
			hasScannedForEncodings = 0;
			knownRegions = (
				en,
				Base,
			);
			mainGroup = EEF44D8D190E621D009F3201;
			productRefGroup = EEF44D97190E621D009F3201 /* Products */;
			projectDirPath = "";
			projectRoot = "";
			targets = (
				EEF44D95190E621D009F3201 /* OzUShuttle */,
				EEF44DB6190E621D009F3201 /* OzUShuttleTests */,
			);
		};
/* End PBXProject section */

/* Begin PBXResourcesBuildPhase section */
		EEF44D94190E621D009F3201 /* Resources */ = {
			isa = PBXResourcesBuildPhase;
			buildActionMask = 2147483647;
			files = (
				EEF44DB2190E621D009F3201 /* Images.xcassets in Resources */,
				EEF44DA4190E621D009F3201 /* InfoPlist.strings in Resources */,
				EEF44DAD190E621D009F3201 /* Main.storyboard in Resources */,
			);
			runOnlyForDeploymentPostprocessing = 0;
		};
		EEF44DB5190E621D009F3201 /* Resources */ = {
			isa = PBXResourcesBuildPhase;
			buildActionMask = 2147483647;
			files = (
				EEF44DC3190E621D009F3201 /* InfoPlist.strings in Resources */,
			);
			runOnlyForDeploymentPostprocessing = 0;
		};
/* End PBXResourcesBuildPhase section */

/* Begin PBXSourcesBuildPhase section */
		EEF44D92190E621D009F3201 /* Sources */ = {
			isa = PBXSourcesBuildPhase;
			buildActionMask = 2147483647;
			files = (
				EEF44DB0190E621D009F3201 /* ViewController.m in Sources */,
				EEF44DAA190E621D009F3201 /* AppDelegate.m in Sources */,
				EEF44DA6190E621D009F3201 /* main.m in Sources */,
				EEF44DD0190E65B4009F3201 /* shuttleSelectorViewController.m in Sources */,
			);
			runOnlyForDeploymentPostprocessing = 0;
		};
		EEF44DB3190E621D009F3201 /* Sources */ = {
			isa = PBXSourcesBuildPhase;
			buildActionMask = 2147483647;
			files = (
				EEF44DC5190E621D009F3201 /* OzUShuttleTests.m in Sources */,
			);
			runOnlyForDeploymentPostprocessing = 0;
		};
/* End PBXSourcesBuildPhase section */

/* Begin PBXTargetDependency section */
		EEF44DBD190E621D009F3201 /* PBXTargetDependency */ = {
			isa = PBXTargetDependency;
			target = EEF44D95190E621D009F3201 /* OzUShuttle */;
			targetProxy = EEF44DBC190E621D009F3201 /* PBXContainerItemProxy */;
		};
/* End PBXTargetDependency section */

/* Begin PBXVariantGroup section */
		EEF44DA2190E621D009F3201 /* InfoPlist.strings */ = {
			isa = PBXVariantGroup;
			children = (
				EEF44DA3190E621D009F3201 /* en */,
			);
			name = InfoPlist.strings;
			sourceTree = "<group>";
		};
		EEF44DAB190E621D009F3201 /* Main.storyboard */ = {
			isa = PBXVariantGroup;
			children = (
				EEF44DAC190E621D009F3201 /* Base */,
			);
			name = Main.storyboard;
			sourceTree = "<group>";
		};
		EEF44DC1190E621D009F3201 /* InfoPlist.strings */ = {
			isa = PBXVariantGroup;
			children = (
				EEF44DC2190E621D009F3201 /* en */,
			);
			name = InfoPlist.strings;
			sourceTree = "<group>";
		};
/* End PBXVariantGroup section */

/* Begin XCBuildConfiguration section */
		EEF44DC6190E621D009F3201 /* Debug */ = {
			isa = XCBuildConfiguration;
			buildSettings = {
				ALWAYS_SEARCH_USER_PATHS = NO;
				CLANG_CXX_LANGUAGE_STANDARD = "gnu++0x";
				CLANG_CXX_LIBRARY = "libc++";
				CLANG_ENABLE_MODULES = YES;
				CLANG_ENABLE_OBJC_ARC = YES;
				CLANG_WARN_BOOL_CONVERSION = YES;
				CLANG_WARN_CONSTANT_CONVERSION = YES;
				CLANG_WARN_DIRECT_OBJC_ISA_USAGE = YES_ERROR;
				CLANG_WARN_EMPTY_BODY = YES;
				CLANG_WARN_ENUM_CONVERSION = YES;
				CLANG_WARN_INT_CONVERSION = YES;
				CLANG_WARN_OBJC_ROOT_CLASS = YES_ERROR;
				CLANG_WARN__DUPLICATE_METHOD_MATCH = YES;
				"CODE_SIGN_IDENTITY[sdk=iphoneos*]" = "iPhone Developer";
				COPY_PHASE_STRIP = NO;
				GCC_C_LANGUAGE_STANDARD = gnu99;
				GCC_DYNAMIC_NO_PIC = NO;
				GCC_OPTIMIZATION_LEVEL = 0;
				GCC_PREPROCESSOR_DEFINITIONS = (
					"DEBUG=1",
					"$(inherited)",
				);
				GCC_SYMBOLS_PRIVATE_EXTERN = NO;
				GCC_WARN_64_TO_32_BIT_CONVERSION = YES;
				GCC_WARN_ABOUT_RETURN_TYPE = YES_ERROR;
				GCC_WARN_UNDECLARED_SELECTOR = YES;
				GCC_WARN_UNINITIALIZED_AUTOS = YES_AGGRESSIVE;
				GCC_WARN_UNUSED_FUNCTION = YES;
				GCC_WARN_UNUSED_VARIABLE = YES;
				IPHONEOS_DEPLOYMENT_TARGET = 7.1;
				ONLY_ACTIVE_ARCH = YES;
				SDKROOT = iphoneos;
			};
			name = Debug;
		};
		EEF44DC7190E621D009F3201 /* Release */ = {
			isa = XCBuildConfiguration;
			buildSettings = {
				ALWAYS_SEARCH_USER_PATHS = NO;
				CLANG_CXX_LANGUAGE_STANDARD = "gnu++0x";
				CLANG_CXX_LIBRARY = "libc++";
				CLANG_ENABLE_MODULES = YES;
				CLANG_ENABLE_OBJC_ARC = YES;
				CLANG_WARN_BOOL_CONVERSION = YES;
				CLANG_WARN_CONSTANT_CONVERSION = YES;
				CLANG_WARN_DIRECT_OBJC_ISA_USAGE = YES_ERROR;
				CLANG_WARN_EMPTY_BODY = YES;
				CLANG_WARN_ENUM_CONVERSION = YES;
				CLANG_WARN_INT_CONVERSION = YES;
				CLANG_WARN_OBJC_ROOT_CLASS = YES_ERROR;
				CLANG_WARN__DUPLICATE_METHOD_MATCH = YES;
				"CODE_SIGN_IDENTITY[sdk=iphoneos*]" = "iPhone Developer";
				COPY_PHASE_STRIP = YES;
				ENABLE_NS_ASSERTIONS = NO;
				GCC_C_LANGUAGE_STANDARD = gnu99;
				GCC_WARN_64_TO_32_BIT_CONVERSION = YES;
				GCC_WARN_ABOUT_RETURN_TYPE = YES_ERROR;
				GCC_WARN_UNDECLARED_SELECTOR = YES;
				GCC_WARN_UNINITIALIZED_AUTOS = YES_AGGRESSIVE;
				GCC_WARN_UNUSED_FUNCTION = YES;
				GCC_WARN_UNUSED_VARIABLE = YES;
				IPHONEOS_DEPLOYMENT_TARGET = 7.1;
				SDKROOT = iphoneos;
				VALIDATE_PRODUCT = YES;
			};
			name = Release;
		};
		EEF44DC9190E621D009F3201 /* Debug */ = {
			isa = XCBuildConfiguration;
			buildSettings = {
				ASSETCATALOG_COMPILER_APPICON_NAME = AppIcon;
				ASSETCATALOG_COMPILER_LAUNCHIMAGE_NAME = LaunchImage;
				GCC_PRECOMPILE_PREFIX_HEADER = YES;
				GCC_PREFIX_HEADER = "OzUShuttle/OzUShuttle-Prefix.pch";
				INFOPLIST_FILE = "OzUShuttle/OzUShuttle-Info.plist";
				PRODUCT_NAME = "$(TARGET_NAME)";
				WRAPPER_EXTENSION = app;
			};
			name = Debug;
		};
		EEF44DCA190E621D009F3201 /* Release */ = {
			isa = XCBuildConfiguration;
			buildSettings = {
				ASSETCATALOG_COMPILER_APPICON_NAME = AppIcon;
				ASSETCATALOG_COMPILER_LAUNCHIMAGE_NAME = LaunchImage;
				GCC_PRECOMPILE_PREFIX_HEADER = YES;
				GCC_PREFIX_HEADER = "OzUShuttle/OzUShuttle-Prefix.pch";
				INFOPLIST_FILE = "OzUShuttle/OzUShuttle-Info.plist";
				PRODUCT_NAME = "$(TARGET_NAME)";
				WRAPPER_EXTENSION = app;
			};
			name = Release;
		};
		EEF44DCC190E621D009F3201 /* Debug */ = {
			isa = XCBuildConfiguration;
			buildSettings = {
				BUNDLE_LOADER = "$(BUILT_PRODUCTS_DIR)/OzUShuttle.app/OzUShuttle";
				FRAMEWORK_SEARCH_PATHS = (
					"$(SDKROOT)/Developer/Library/Frameworks",
					"$(inherited)",
					"$(DEVELOPER_FRAMEWORKS_DIR)",
				);
				GCC_PRECOMPILE_PREFIX_HEADER = YES;
				GCC_PREFIX_HEADER = "OzUShuttle/OzUShuttle-Prefix.pch";
				GCC_PREPROCESSOR_DEFINITIONS = (
					"DEBUG=1",
					"$(inherited)",
				);
				INFOPLIST_FILE = "OzUShuttleTests/OzUShuttleTests-Info.plist";
				PRODUCT_NAME = "$(TARGET_NAME)";
				TEST_HOST = "$(BUNDLE_LOADER)";
				WRAPPER_EXTENSION = xctest;
			};
			name = Debug;
		};
		EEF44DCD190E621D009F3201 /* Release */ = {
			isa = XCBuildConfiguration;
			buildSettings = {
				BUNDLE_LOADER = "$(BUILT_PRODUCTS_DIR)/OzUShuttle.app/OzUShuttle";
				FRAMEWORK_SEARCH_PATHS = (
					"$(SDKROOT)/Developer/Library/Frameworks",
					"$(inherited)",
					"$(DEVELOPER_FRAMEWORKS_DIR)",
				);
				GCC_PRECOMPILE_PREFIX_HEADER = YES;
				GCC_PREFIX_HEADER = "OzUShuttle/OzUShuttle-Prefix.pch";
				INFOPLIST_FILE = "OzUShuttleTests/OzUShuttleTests-Info.plist";
				PRODUCT_NAME = "$(TARGET_NAME)";
				TEST_HOST = "$(BUNDLE_LOADER)";
				WRAPPER_EXTENSION = xctest;
			};
			name = Release;
		};
/* End XCBuildConfiguration section */

/* Begin XCConfigurationList section */
		EEF44D91190E621D009F3201 /* Build configuration list for PBXProject "OzUShuttle" */ = {
			isa = XCConfigurationList;
			buildConfigurations = (
				EEF44DC6190E621D009F3201 /* Debug */,
				EEF44DC7190E621D009F3201 /* Release */,
			);
			defaultConfigurationIsVisible = 0;
			defaultConfigurationName = Release;
		};
		EEF44DC8190E621D009F3201 /* Build configuration list for PBXNativeTarget "OzUShuttle" */ = {
			isa = XCConfigurationList;
			buildConfigurations = (
				EEF44DC9190E621D009F3201 /* Debug */,
				EEF44DCA190E621D009F3201 /* Release */,
			);
			defaultConfigurationIsVisible = 0;
		};
		EEF44DCB190E621D009F3201 /* Build configuration list for PBXNativeTarget "OzUShuttleTests" */ = {
			isa = XCConfigurationList;
			buildConfigurations = (
				EEF44DCC190E621D009F3201 /* Debug */,
				EEF44DCD190E621D009F3201 /* Release */,
			);
			defaultConfigurationIsVisible = 0;
		};
/* End XCConfigurationList section */
	};
	rootObject = EEF44D8E190E621D009F3201 /* Project object */;
}
